// !$*UTF8*$!
{
	archiveVersion = 1;
	classes = {
	};
	objectVersion = 46;
	objects = {

/* Begin PBXBuildFile section */
		49A494091CA5DC7D00104EDA /* AppDelegate.swift in Sources */ = {isa = PBXBuildFile; fileRef = 49A494081CA5DC7D00104EDA /* AppDelegate.swift */; };
		49A4940B1CA5DC7D00104EDA /* GameScene.sks in Resources */ = {isa = PBXBuildFile; fileRef = 49A4940A1CA5DC7D00104EDA /* GameScene.sks */; };
		49A4940D1CA5DC7D00104EDA /* GameScene.swift in Sources */ = {isa = PBXBuildFile; fileRef = 49A4940C1CA5DC7D00104EDA /* GameScene.swift */; };
		49A4940F1CA5DC7D00104EDA /* GameViewController.swift in Sources */ = {isa = PBXBuildFile; fileRef = 49A4940E1CA5DC7D00104EDA /* GameViewController.swift */; };
		49A494121CA5DC7D00104EDA /* Main.storyboard in Resources */ = {isa = PBXBuildFile; fileRef = 49A494101CA5DC7D00104EDA /* Main.storyboard */; };
		49A494141CA5DC7D00104EDA /* Assets.xcassets in Resources */ = {isa = PBXBuildFile; fileRef = 49A494131CA5DC7D00104EDA /* Assets.xcassets */; };
		49A494171CA5DC7D00104EDA /* LaunchScreen.storyboard in Resources */ = {isa = PBXBuildFile; fileRef = 49A494151CA5DC7D00104EDA /* LaunchScreen.storyboard */; };
		49A4941F1CA68A2600104EDA /* Shapes.swift in Sources */ = {isa = PBXBuildFile; fileRef = 49A4941E1CA68A2600104EDA /* Shapes.swift */; };
/* End PBXBuildFile section */

/* Begin PBXFileReference section */
		49A494051CA5DC7C00104EDA /* Hexagon.app */ = {isa = PBXFileReference; explicitFileType = wrapper.application; includeInIndex = 0; path = Hexagon.app; sourceTree = BUILT_PRODUCTS_DIR; };
		49A494081CA5DC7D00104EDA /* AppDelegate.swift */ = {isa = PBXFileReference; lastKnownFileType = sourcecode.swift; path = AppDelegate.swift; sourceTree = "<group>"; };
		49A4940A1CA5DC7D00104EDA /* GameScene.sks */ = {isa = PBXFileReference; lastKnownFileType = file.sks; path = GameScene.sks; sourceTree = "<group>"; };
		49A4940C1CA5DC7D00104EDA /* GameScene.swift */ = {isa = PBXFileReference; lastKnownFileType = sourcecode.swift; path = GameScene.swift; sourceTree = "<group>"; };
		49A4940E1CA5DC7D00104EDA /* GameViewController.swift */ = {isa = PBXFileReference; lastKnownFileType = sourcecode.swift; path = GameViewController.swift; sourceTree = "<group>"; };
		49A494111CA5DC7D00104EDA /* Base */ = {isa = PBXFileReference; lastKnownFileType = file.storyboard; name = Base; path = Base.lproj/Main.storyboard; sourceTree = "<group>"; };
		49A494131CA5DC7D00104EDA /* Assets.xcassets */ = {isa = PBXFileReference; lastKnownFileType = folder.assetcatalog; path = Assets.xcassets; sourceTree = "<group>"; };
		49A494161CA5DC7D00104EDA /* Base */ = {isa = PBXFileReference; lastKnownFileType = file.storyboard; name = Base; path = Base.lproj/LaunchScreen.storyboard; sourceTree = "<group>"; };
		49A494181CA5DC7D00104EDA /* Info.plist */ = {isa = PBXFileReference; lastKnownFileType = text.plist.xml; path = Info.plist; sourceTree = "<group>"; };
		49A4941E1CA68A2600104EDA /* Shapes.swift */ = {isa = PBXFileReference; fileEncoding = 4; lastKnownFileType = sourcecode.swift; path = Shapes.swift; sourceTree = "<group>"; };
/* End PBXFileReference section */

/* Begin PBXFrameworksBuildPhase section */
		49A494021CA5DC7C00104EDA /* Frameworks */ = {
			isa = PBXFrameworksBuildPhase;
			buildActionMask = 2147483647;
			files = (
			);
			runOnlyForDeploymentPostprocessing = 0;
		};
/* End PBXFrameworksBuildPhase section */

/* Begin PBXGroup section */
		49A493FC1CA5DC7C00104EDA = {
			isa = PBXGroup;
			children = (
				49A494071CA5DC7D00104EDA /* Hexagon */,
				49A494061CA5DC7C00104EDA /* Products */,
			);
			sourceTree = "<group>";
		};
		49A494061CA5DC7C00104EDA /* Products */ = {
			isa = PBXGroup;
			children = (
				49A494051CA5DC7C00104EDA /* Hexagon.app */,
			);
			name = Products;
			sourceTree = "<group>";
		};
		49A494071CA5DC7D00104EDA /* Hexagon */ = {
			isa = PBXGroup;
			children = (
				49A494081CA5DC7D00104EDA /* AppDelegate.swift */,
				49A4940A1CA5DC7D00104EDA /* GameScene.sks */,
				49A4940C1CA5DC7D00104EDA /* GameScene.swift */,
				49A4940E1CA5DC7D00104EDA /* GameViewController.swift */,
				49A4941E1CA68A2600104EDA /* Shapes.swift */,
				49A494101CA5DC7D00104EDA /* Main.storyboard */,
				49A494131CA5DC7D00104EDA /* Assets.xcassets */,
				49A494151CA5DC7D00104EDA /* LaunchScreen.storyboard */,
				49A494181CA5DC7D00104EDA /* Info.plist */,
			);
			path = Hexagon;
			sourceTree = "<group>";
		};
/* End PBXGroup section */

/* Begin PBXNativeTarget section */
		49A494041CA5DC7C00104EDA /* Hexagon */ = {
			isa = PBXNativeTarget;
			buildConfigurationList = 49A4941B1CA5DC7D00104EDA /* Build configuration list for PBXNativeTarget "Hexagon" */;
			buildPhases = (
				49A494011CA5DC7C00104EDA /* Sources */,
				49A494021CA5DC7C00104EDA /* Frameworks */,
				49A494031CA5DC7C00104EDA /* Resources */,
			);
			buildRules = (
			);
			dependencies = (
			);
			name = Hexagon;
			productName = Hexagon;
			productReference = 49A494051CA5DC7C00104EDA /* Hexagon.app */;
			productType = "com.apple.product-type.application";
		};
/* End PBXNativeTarget section */

/* Begin PBXProject section */
		49A493FD1CA5DC7C00104EDA /* Project object */ = {
			isa = PBXProject;
			attributes = {
				LastSwiftUpdateCheck = 0730;
				LastUpgradeCheck = 0730;
				ORGANIZATIONNAME = "Thijs Nieuwkoop";
				TargetAttributes = {
					49A494041CA5DC7C00104EDA = {
						CreatedOnToolsVersion = 7.3;
						DevelopmentTeam = 324XNCQY94;
					};
				};
			};
			buildConfigurationList = 49A494001CA5DC7C00104EDA /* Build configuration list for PBXProject "Hexagon" */;
			compatibilityVersion = "Xcode 3.2";
			developmentRegion = English;
			hasScannedForEncodings = 0;
			knownRegions = (
				en,
				Base,
			);
			mainGroup = 49A493FC1CA5DC7C00104EDA;
			productRefGroup = 49A494061CA5DC7C00104EDA /* Products */;
			projectDirPath = "";
			projectRoot = "";
			targets = (
				49A494041CA5DC7C00104EDA /* Hexagon */,
			);
		};
/* End PBXProject section */

/* Begin PBXResourcesBuildPhase section */
		49A494031CA5DC7C00104EDA /* Resources */ = {
			isa = PBXResourcesBuildPhase;
			buildActionMask = 2147483647;
			files = (
				49A4940B1CA5DC7D00104EDA /* GameScene.sks in Resources */,
				49A494171CA5DC7D00104EDA /* LaunchScreen.storyboard in Resources */,
				49A494141CA5DC7D00104EDA /* Assets.xcassets in Resources */,
				49A494121CA5DC7D00104EDA /* Main.storyboard in Resources */,
			);
			runOnlyForDeploymentPostprocessing = 0;
		};
/* End PBXResourcesBuildPhase section */

/* Begin PBXSourcesBuildPhase section */
		49A494011CA5DC7C00104EDA /* Sources */ = {
			isa = PBXSourcesBuildPhase;
			buildActionMask = 2147483647;
			files = (
				49A4940D1CA5DC7D00104EDA /* GameScene.swift in Sources */,
				49A4940F1CA5DC7D00104EDA /* GameViewController.swift in Sources */,
				49A494091CA5DC7D00104EDA /* AppDelegate.swift in Sources */,
				49A4941F1CA68A2600104EDA /* Shapes.swift in Sources */,
			);
			runOnlyForDeploymentPostprocessing = 0;
		};
/* End PBXSourcesBuildPhase section */

/* Begin PBXVariantGroup section */
		49A494101CA5DC7D00104EDA /* Main.storyboard */ = {
			isa = PBXVariantGroup;
			children = (
				49A494111CA5DC7D00104EDA /* Base */,
			);
			name = Main.storyboard;
			sourceTree = "<group>";
		};
		49A494151CA5DC7D00104EDA /* LaunchScreen.storyboard */ = {
			isa = PBXVariantGroup;
			children = (
				49A494161CA5DC7D00104EDA /* Base */,
			);
			name = LaunchScreen.storyboard;
			sourceTree = "<group>";
		};
/* End PBXVariantGroup section */

/* Begin XCBuildConfiguration section */
		49A494191CA5DC7D00104EDA /* Debug */ = {
			isa = XCBuildConfiguration;
			buildSettings = {
				ALWAYS_SEARCH_USER_PATHS = NO;
				CLANG_ANALYZER_NONNULL = YES;
				CLANG_CXX_LANGUAGE_STANDARD = "gnu++0x";
				CLANG_CXX_LIBRARY = "libc++";
				CLANG_ENABLE_MODULES = YES;
				CLANG_ENABLE_OBJC_ARC = YES;
				CLANG_WARN_BOOL_CONVERSION = YES;
				CLANG_WARN_CONSTANT_CONVERSION = YES;
				CLANG_WARN_DIRECT_OBJC_ISA_USAGE = YES_ERROR;
				CLANG_WARN_EMPTY_BODY = YES;
				CLANG_WARN_ENUM_CONVERSION = YES;
				CLANG_WARN_INT_CONVERSION = YES;
				CLANG_WARN_OBJC_ROOT_CLASS = YES_ERROR;
				CLANG_WARN_UNREACHABLE_CODE = YES;
				CLANG_WARN__DUPLICATE_METHOD_MATCH = YES;
				"CODE_SIGN_IDENTITY[sdk=iphoneos*]" = "iPhone Developer";
				COPY_PHASE_STRIP = NO;
				DEBUG_INFORMATION_FORMAT = "dwarf-with-dsym";
				ENABLE_STRICT_OBJC_MSGSEND = YES;
				ENABLE_TESTABILITY = YES;
				GCC_C_LANGUAGE_STANDARD = gnu99;
				GCC_DYNAMIC_NO_PIC = NO;
				GCC_NO_COMMON_BLOCKS = YES;
				GCC_OPTIMIZATION_LEVEL = 0;
				GCC_PREPROCESSOR_DEFINITIONS = (
					"DEBUG=1",
					"$(inherited)",
				);
				GCC_WARN_64_TO_32_BIT_CONVERSION = YES;
				GCC_WARN_ABOUT_RETURN_TYPE = YES_ERROR;
				GCC_WARN_UNDECLARED_SELECTOR = YES;
				GCC_WARN_UNINITIALIZED_AUTOS = YES_AGGRESSIVE;
				GCC_WARN_UNUSED_FUNCTION = YES;
				GCC_WARN_UNUSED_VARIABLE = YES;
				IPHONEOS_DEPLOYMENT_TARGET = 9.3;
				MTL_ENABLE_DEBUG_INFO = YES;
				ONLY_ACTIVE_ARCH = YES;
				SDKROOT = iphoneos;
				SWIFT_OPTIMIZATION_LEVEL = "-Onone";
				TARGETED_DEVICE_FAMILY = "1,2";
			};
			name = Debug;
		};
		49A4941A1CA5DC7D00104EDA /* Release */ = {
			isa = XCBuildConfiguration;
			buildSettings = {
				ALWAYS_SEARCH_USER_PATHS = NO;
				CLANG_ANALYZER_NONNULL = YES;
				CLANG_CXX_LANGUAGE_STANDARD = "gnu++0x";
				CLANG_CXX_LIBRARY = "libc++";
				CLANG_ENABLE_MODULES = YES;
				CLANG_ENABLE_OBJC_ARC = YES;
				CLANG_WARN_BOOL_CONVERSION = YES;
				CLANG_WARN_CONSTANT_CONVERSION = YES;
				CLANG_WARN_DIRECT_OBJC_ISA_USAGE = YES_ERROR;
				CLANG_WARN_EMPTY_BODY = YES;
				CLANG_WARN_ENUM_CONVERSION = YES;
				CLANG_WARN_INT_CONVERSION = YES;
				CLANG_WARN_OBJC_ROOT_CLASS = YES_ERROR;
				CLANG_WARN_UNREACHABLE_CODE = YES;
				CLANG_WARN__DUPLICATE_METHOD_MATCH = YES;
				"CODE_SIGN_IDENTITY[sdk=iphoneos*]" = "iPhone Developer";
				COPY_PHASE_STRIP = NO;
				DEBUG_INFORMATION_FORMAT = "dwarf-with-dsym";
				ENABLE_NS_ASSERTIONS = NO;
				ENABLE_STRICT_OBJC_MSGSEND = YES;
				GCC_C_LANGUAGE_STANDARD = gnu99;
				GCC_NO_COMMON_BLOCKS = YES;
				GCC_WARN_64_TO_32_BIT_CONVERSION = YES;
				GCC_WARN_ABOUT_RETURN_TYPE = YES_ERROR;
				GCC_WARN_UNDECLARED_SELECTOR = YES;
				GCC_WARN_UNINITIALIZED_AUTOS = YES_AGGRESSIVE;
				GCC_WARN_UNUSED_FUNCTION = YES;
				GCC_WARN_UNUSED_VARIABLE = YES;
				IPHONEOS_DEPLOYMENT_TARGET = 9.3;
				MTL_ENABLE_DEBUG_INFO = NO;
				SDKROOT = iphoneos;
				TARGETED_DEVICE_FAMILY = "1,2";
				VALIDATE_PRODUCT = YES;
			};
			name = Release;
		};
		49A4941C1CA5DC7D00104EDA /* Debug */ = {
			isa = XCBuildConfiguration;
			buildSettings = {
				ASSETCATALOG_COMPILER_APPICON_NAME = AppIcon;
				CODE_SIGN_IDENTITY = "iPhone Developer";
				INFOPLIST_FILE = Hexagon/Info.plist;
				LD_RUNPATH_SEARCH_PATHS = "$(inherited) @executable_path/Frameworks";
				PRODUCT_BUNDLE_IDENTIFIER = "Thijs-Nieuwkoop.Hexagon";
				PRODUCT_NAME = "$(TARGET_NAME)";
			};
			name = Debug;
		};
		49A4941D1CA5DC7D00104EDA /* Release */ = {
			isa = XCBuildConfiguration;
			buildSettings = {
				ASSETCATALOG_COMPILER_APPICON_NAME = AppIcon;
				CODE_SIGN_IDENTITY = "iPhone Developer";
				INFOPLIST_FILE = Hexagon/Info.plist;
				LD_RUNPATH_SEARCH_PATHS = "$(inherited) @executable_path/Frameworks";
				PRODUCT_BUNDLE_IDENTIFIER = "Thijs-Nieuwkoop.Hexagon";
				PRODUCT_NAME = "$(TARGET_NAME)";
			};
			name = Release;
		};
/* End XCBuildConfiguration section */

/* Begin XCConfigurationList section */
		49A494001CA5DC7C00104EDA /* Build configuration list for PBXProject "Hexagon" */ = {
			isa = XCConfigurationList;
			buildConfigurations = (
				49A494191CA5DC7D00104EDA /* Debug */,
				49A4941A1CA5DC7D00104EDA /* Release */,
			);
			defaultConfigurationIsVisible = 0;
			defaultConfigurationName = Release;
		};
		49A4941B1CA5DC7D00104EDA /* Build configuration list for PBXNativeTarget "Hexagon" */ = {
			isa = XCConfigurationList;
			buildConfigurations = (
				49A4941C1CA5DC7D00104EDA /* Debug */,
				49A4941D1CA5DC7D00104EDA /* Release */,
			);
			defaultConfigurationIsVisible = 0;
		};
/* End XCConfigurationList section */
	};
	rootObject = 49A493FD1CA5DC7C00104EDA /* Project object */;
}
